github.com/ncruces/go-sqlite3 v0.34.0 h1:q2I6wHTLWIoz6ehYkKdG5dGQc66eJv7ZGnekhvuMfK8=
github.com/ncruces/go-sqlite3 v0.34.0/go.mod h1:qpBxsSdGPnO9K5OExuv5GEsrGQ7Rk6JsJFH6wn2DwwU=
github.com/ncruces/go-sqlite3-wasm/v2 v2.1.35300 h1:cRdxCt3BDfMu0vfSdoqaAPD+dzIXPkGREjqyZMLN2Ak=
github.com/ncruces/go-sqlite3-wasm/v2 v2.1.35300/go.mod h1:R2kJLPoSA/GBX/b8x7zwOq/KLAw6rLMY1l3Hi76SQIo=
github.com/ncruces/julianday v1.0.0 h1:fH0OKwa7NWvniGQtxdJRxAgkBMolni2BjDHaWTxqt7M=
github.com/ncruces/julianday v1.0.0/go.mod h1:Dusn2KvZrrovOMJuOt0TNXL6tB7U2E8kvza5fFc9G7g=
github.com/xyproto/cookie/v2 v2.2.5 h1:g4v1/1hpVbacK+PklgzujnUYgGFmT2riz/cZfePD04k=
github.com/xyproto/cookie/v2 v2.2.5/go.mod h1:SkeeteOip8UEegYTF4H+WIzrgKVrqh7o0t97i3vymjw=
github.com/xyproto/env/v2 v2.5.6 h1:ZDhM5caXmM0/Bjf4BHd3QkC6p0g0aXAtTwpBOS4sxyU=
github.com/xyproto/env/v2 v2.5.6/go.mod h1:F81ZEzu15s3TWUZJ1uzBl9iNeq9zcfHvxMkQJaLZUl0=
github.com/xyproto/pinterface v1.5.4 h1:u7bVqjJIlZ5+FDFrVfLmOgL38XGXt7R+xkLsfiSGDEQ=
github.com/xyproto/pinterface v1.5.4/go.mod h1:X5B5pKE49ak7SpyDh5QvJvLH9cC9XuZNDcl5hEyYc34=
github.com/xyproto/randomstring v1.0.5 h1:YtlWPoRdgMu3NZtP45drfy1GKoojuR7hmRcnhZqKjWU=
github.com/xyproto/randomstring v1.0.5/go.mod h1:rgmS5DeNXLivK7YprL0pY+lTuhNQW3iGxZ18UQApw/E=
golang.org/x/crypto v0.50.0 h1:zO47/JPrL6vsNkINmLoo/PH1gcxpls50DNogFvB5ZGI=
golang.org/x/crypto v0.50.0/go.mod h1:3muZ7vA7PBCE6xgPX7nkzzjiUq87kRItoJQM1Yo8S+Q=
golang.org/x/sys v0.43.0 h1:Rlag2XtaFTxp19wS8MXlJwTvoh8ArU6ezoyFsMyCTNI=
golang.org/x/sys v0.43.0/go.mod h1:4GL1E5IUh+htKOUEOaiffhrAeqysfVGipDYzABqnCmw=
golang.org/x/text v0.36.0 h1:JfKh3XmcRPqZPKevfXVpI1wXPTqbkE5f7JA92a55Yxg=
golang.org/x/text v0.36.0/go.mod h1:NIdBknypM8iqVmPiuco0Dh6P5Jcdk8lJL0CUebqK164=
